
Microsoft Visual Studio Solution File, Format Version 12.00
# Visual Studio Version 17
VisualStudioVersion = 17.0.32112.339
MinimumVisualStudioVersion = 10.0.40219.1
Project("{9A19103F-16F7-4668-BE54-9A1E7A4F7556}") = "UsersAPI.Services", "usersAPI.Services\UsersAPI.Services.csproj", "{621FD99D-045D-48C8-950E-487776EB5BB8}"
EndProject
Project("{2150E333-8FDC-42A3-9474-1A3956D46DE8}") = "API", "API", "{7E6E3ABF-E8E6-4A73-AEC5-FE72EB43F510}"
EndProject
Project("{2150E333-8FDC-42A3-9474-1A3956D46DE8}") = "DDD", "DDD", "{30425FE5-83DA-4B74-947D-50BBCD933F97}"
EndProject
Project("{2150E333-8FDC-42A3-9474-1A3956D46DE8}") = "Tests", "Tests", "{192355CA-DE5B-4BBF-A7A2-D92D769E639D}"
EndProject
Project("{2150E333-8FDC-42A3-9474-1A3956D46DE8}") = "Application", "Application", "{FF9F7DD9-70D2-47CC-B216-65E0F67D4136}"
EndProject
Project("{2150E333-8FDC-42A3-9474-1A3956D46DE8}") = "Domain", "Domain", "{78FB261B-4412-4565-888B-276332B683CC}"
EndProject
Project("{2150E333-8FDC-42A3-9474-1A3956D46DE8}") = "InfraStructure", "InfraStructure", "{27B17CFA-55EC-4ECD-B284-CB3AADAAE06B}"
EndProject
Project("{FAE04EC0-301F-11D3-BF4B-00C04F79EFBC}") = "UsersAPI.Application", "UsersAPI.Application\UsersAPI.Application.csproj", "{D7D81EB8-B6FB-4D03-8E1A-1356F8A6224A}"
EndProject
Project("{FAE04EC0-301F-11D3-BF4B-00C04F79EFBC}") = "UsersAPI.Domain", "UsersAPI.Domain\UsersAPI.Domain.csproj", "{FFB70F5E-7F48-4CB5-825D-5A377CB75F2A}"
EndProject
Project("{FAE04EC0-301F-11D3-BF4B-00C04F79EFBC}") = "UsersAPI.Infra.Data", "UsersAPI.Infra.Data\UsersAPI.Infra.Data.csproj", "{FC9A1693-CA52-496F-A424-8EA33EAAE769}"
EndProject
Project("{FAE04EC0-301F-11D3-BF4B-00C04F79EFBC}") = "UsersAPI.Tests", "UsersAPI.Tests\UsersAPI.Tests.csproj", "{1CA79A46-BE85-4843-992B-B4C5C9DE3E3E}"
EndProject
Global
	GlobalSection(SolutionConfigurationPlatforms) = preSolution
		Debug|Any CPU = Debug|Any CPU
		Release|Any CPU = Release|Any CPU
	EndGlobalSection
	GlobalSection(ProjectConfigurationPlatforms) = postSolution
		{621FD99D-045D-48C8-950E-487776EB5BB8}.Debug|Any CPU.ActiveCfg = Debug|Any CPU
		{621FD99D-045D-48C8-950E-487776EB5BB8}.Debug|Any CPU.Build.0 = Debug|Any CPU
		{621FD99D-045D-48C8-950E-487776EB5BB8}.Release|Any CPU.ActiveCfg = Release|Any CPU
		{621FD99D-045D-48C8-950E-487776EB5BB8}.Release|Any CPU.Build.0 = Release|Any CPU
		{D7D81EB8-B6FB-4D03-8E1A-1356F8A6224A}.Debug|Any CPU.ActiveCfg = Debug|Any CPU
		{D7D81EB8-B6FB-4D03-8E1A-1356F8A6224A}.Debug|Any CPU.Build.0 = Debug|Any CPU
		{D7D81EB8-B6FB-4D03-8E1A-1356F8A6224A}.Release|Any CPU.ActiveCfg = Release|Any CPU
		{D7D81EB8-B6FB-4D03-8E1A-1356F8A6224A}.Release|Any CPU.Build.0 = Release|Any CPU
		{FFB70F5E-7F48-4CB5-825D-5A377CB75F2A}.Debug|Any CPU.ActiveCfg = Debug|Any CPU
		{FFB70F5E-7F48-4CB5-825D-5A377CB75F2A}.Debug|Any CPU.Build.0 = Debug|Any CPU
		{FFB70F5E-7F48-4CB5-825D-5A377CB75F2A}.Release|Any CPU.ActiveCfg = Release|Any CPU
		{FFB70F5E-7F48-4CB5-825D-5A377CB75F2A}.Release|Any CPU.Build.0 = Release|Any CPU
		{FC9A1693-CA52-496F-A424-8EA33EAAE769}.Debug|Any CPU.ActiveCfg = Debug|Any CPU
		{FC9A1693-CA52-496F-A424-8EA33EAAE769}.Debug|Any CPU.Build.0 = Debug|Any CPU
		{FC9A1693-CA52-496F-A424-8EA33EAAE769}.Release|Any CPU.ActiveCfg = Release|Any CPU
		{FC9A1693-CA52-496F-A424-8EA33EAAE769}.Release|Any CPU.Build.0 = Release|Any CPU
		{1CA79A46-BE85-4843-992B-B4C5C9DE3E3E}.Debug|Any CPU.ActiveCfg = Debug|Any CPU
		{1CA79A46-BE85-4843-992B-B4C5C9DE3E3E}.Debug|Any CPU.Build.0 = Debug|Any CPU
		{1CA79A46-BE85-4843-992B-B4C5C9DE3E3E}.Release|Any CPU.ActiveCfg = Release|Any CPU
		{1CA79A46-BE85-4843-992B-B4C5C9DE3E3E}.Release|Any CPU.Build.0 = Release|Any CPU
	EndGlobalSection
	GlobalSection(SolutionProperties) = preSolution
		HideSolutionNode = FALSE
	EndGlobalSection
	GlobalSection(NestedProjects) = preSolution
		{621FD99D-045D-48C8-950E-487776EB5BB8} = {7E6E3ABF-E8E6-4A73-AEC5-FE72EB43F510}
		{FF9F7DD9-70D2-47CC-B216-65E0F67D4136} = {30425FE5-83DA-4B74-947D-50BBCD933F97}
		{78FB261B-4412-4565-888B-276332B683CC} = {30425FE5-83DA-4B74-947D-50BBCD933F97}
		{27B17CFA-55EC-4ECD-B284-CB3AADAAE06B} = {30425FE5-83DA-4B74-947D-50BBCD933F97}
		{D7D81EB8-B6FB-4D03-8E1A-1356F8A6224A} = {FF9F7DD9-70D2-47CC-B216-65E0F67D4136}
		{FFB70F5E-7F48-4CB5-825D-5A377CB75F2A} = {78FB261B-4412-4565-888B-276332B683CC}
		{FC9A1693-CA52-496F-A424-8EA33EAAE769} = {27B17CFA-55EC-4ECD-B284-CB3AADAAE06B}
		{1CA79A46-BE85-4843-992B-B4C5C9DE3E3E} = {192355CA-DE5B-4BBF-A7A2-D92D769E639D}
	EndGlobalSection
	GlobalSection(ExtensibilityGlobals) = postSolution
		SolutionGuid = {7DC78B89-3D2A-41B7-A08E-99A2DC7EFAB3}
	EndGlobalSection
EndGlobal
