
Microsoft Visual Studio Solution File, Format Version 12.00
# Visual Studio Version 17
VisualStudioVersion = 17.4.33110.190
MinimumVisualStudioVersion = 10.0.40219.1
Project("{9A19103F-16F7-4668-BE54-9A1E7A4F7556}") = "UsersAPI.Services", "UsersAPI.Services\UsersAPI.Services.csproj", "{A65CF14F-34CC-469E-AC2A-2FC91C80EDDC}"
EndProject
Project("{2150E333-8FDC-42A3-9474-1A3956D46DE8}") = "API", "API", "{574017D2-2A46-4C4A-AE81-47610AC8392A}"
EndProject
Project("{2150E333-8FDC-42A3-9474-1A3956D46DE8}") = "DDD", "DDD", "{09D6D0D3-60F5-4897-A035-1418E317862D}"
EndProject
Project("{2150E333-8FDC-42A3-9474-1A3956D46DE8}") = "Tests", "Tests", "{6F20CF0C-21DB-4121-9A4A-8CDE4544B20F}"
EndProject
Project("{2150E333-8FDC-42A3-9474-1A3956D46DE8}") = "Application", "Application", "{0E649C0D-A814-4A7C-9740-22B3F21F9F0E}"
EndProject
Project("{2150E333-8FDC-42A3-9474-1A3956D46DE8}") = "Domain", "Domain", "{4F3669A1-8F96-4C63-B845-BCCA6CFFB037}"
EndProject
Project("{2150E333-8FDC-42A3-9474-1A3956D46DE8}") = "InfraStructure", "InfraStructure", "{20E525A2-C632-4726-875D-FECEA8D5D78D}"
EndProject
Project("{9A19103F-16F7-4668-BE54-9A1E7A4F7556}") = "UsersAPI.Application", "UsersAPI.Application\UsersAPI.Application.csproj", "{8BC58F20-17DC-4E51-A4BD-BC3E638765F7}"
EndProject
Project("{9A19103F-16F7-4668-BE54-9A1E7A4F7556}") = "UsersAPI.Domain", "UsersAPI.Domain\UsersAPI.Domain.csproj", "{0C327254-D957-4CD7-BDBA-291E9C36B4A1}"
EndProject
Project("{9A19103F-16F7-4668-BE54-9A1E7A4F7556}") = "UsersAPI.Infra.Data", "UsersAPI.Infra.Data\UsersAPI.Infra.Data.csproj", "{B8794B8F-B8DB-4741-9E41-B1D6F31ACA11}"
EndProject
Project("{9A19103F-16F7-4668-BE54-9A1E7A4F7556}") = "UsersAPI.Tests", "UsersAPI.Tests\UsersAPI.Tests.csproj", "{179B2C7A-1942-4F6D-BA3A-141F8EAF9BB6}"
EndProject
Project("{9A19103F-16F7-4668-BE54-9A1E7A4F7556}") = "UsersAPI.Infra.IoC", "UsersAPI.Infra.IoC\UsersAPI.Infra.IoC.csproj", "{3BF53236-60FE-4037-8128-8ADF6C74036F}"
EndProject
Global
	GlobalSection(SolutionConfigurationPlatforms) = preSolution
		Debug|Any CPU = Debug|Any CPU
		Release|Any CPU = Release|Any CPU
	EndGlobalSection
	GlobalSection(ProjectConfigurationPlatforms) = postSolution
		{A65CF14F-34CC-469E-AC2A-2FC91C80EDDC}.Debug|Any CPU.ActiveCfg = Debug|Any CPU
		{A65CF14F-34CC-469E-AC2A-2FC91C80EDDC}.Debug|Any CPU.Build.0 = Debug|Any CPU
		{A65CF14F-34CC-469E-AC2A-2FC91C80EDDC}.Release|Any CPU.ActiveCfg = Release|Any CPU
		{A65CF14F-34CC-469E-AC2A-2FC91C80EDDC}.Release|Any CPU.Build.0 = Release|Any CPU
		{8BC58F20-17DC-4E51-A4BD-BC3E638765F7}.Debug|Any CPU.ActiveCfg = Debug|Any CPU
		{8BC58F20-17DC-4E51-A4BD-BC3E638765F7}.Debug|Any CPU.Build.0 = Debug|Any CPU
		{8BC58F20-17DC-4E51-A4BD-BC3E638765F7}.Release|Any CPU.ActiveCfg = Release|Any CPU
		{8BC58F20-17DC-4E51-A4BD-BC3E638765F7}.Release|Any CPU.Build.0 = Release|Any CPU
		{0C327254-D957-4CD7-BDBA-291E9C36B4A1}.Debug|Any CPU.ActiveCfg = Debug|Any CPU
		{0C327254-D957-4CD7-BDBA-291E9C36B4A1}.Debug|Any CPU.Build.0 = Debug|Any CPU
		{0C327254-D957-4CD7-BDBA-291E9C36B4A1}.Release|Any CPU.ActiveCfg = Release|Any CPU
		{0C327254-D957-4CD7-BDBA-291E9C36B4A1}.Release|Any CPU.Build.0 = Release|Any CPU
		{B8794B8F-B8DB-4741-9E41-B1D6F31ACA11}.Debug|Any CPU.ActiveCfg = Debug|Any CPU
		{B8794B8F-B8DB-4741-9E41-B1D6F31ACA11}.Debug|Any CPU.Build.0 = Debug|Any CPU
		{B8794B8F-B8DB-4741-9E41-B1D6F31ACA11}.Release|Any CPU.ActiveCfg = Release|Any CPU
		{B8794B8F-B8DB-4741-9E41-B1D6F31ACA11}.Release|Any CPU.Build.0 = Release|Any CPU
		{179B2C7A-1942-4F6D-BA3A-141F8EAF9BB6}.Debug|Any CPU.ActiveCfg = Debug|Any CPU
		{179B2C7A-1942-4F6D-BA3A-141F8EAF9BB6}.Debug|Any CPU.Build.0 = Debug|Any CPU
		{179B2C7A-1942-4F6D-BA3A-141F8EAF9BB6}.Release|Any CPU.ActiveCfg = Release|Any CPU
		{179B2C7A-1942-4F6D-BA3A-141F8EAF9BB6}.Release|Any CPU.Build.0 = Release|Any CPU
		{3BF53236-60FE-4037-8128-8ADF6C74036F}.Debug|Any CPU.ActiveCfg = Debug|Any CPU
		{3BF53236-60FE-4037-8128-8ADF6C74036F}.Debug|Any CPU.Build.0 = Debug|Any CPU
		{3BF53236-60FE-4037-8128-8ADF6C74036F}.Release|Any CPU.ActiveCfg = Release|Any CPU
		{3BF53236-60FE-4037-8128-8ADF6C74036F}.Release|Any CPU.Build.0 = Release|Any CPU
	EndGlobalSection
	GlobalSection(SolutionProperties) = preSolution
		HideSolutionNode = FALSE
	EndGlobalSection
	GlobalSection(NestedProjects) = preSolution
		{A65CF14F-34CC-469E-AC2A-2FC91C80EDDC} = {574017D2-2A46-4C4A-AE81-47610AC8392A}
		{0E649C0D-A814-4A7C-9740-22B3F21F9F0E} = {09D6D0D3-60F5-4897-A035-1418E317862D}
		{4F3669A1-8F96-4C63-B845-BCCA6CFFB037} = {09D6D0D3-60F5-4897-A035-1418E317862D}
		{20E525A2-C632-4726-875D-FECEA8D5D78D} = {09D6D0D3-60F5-4897-A035-1418E317862D}
		{8BC58F20-17DC-4E51-A4BD-BC3E638765F7} = {0E649C0D-A814-4A7C-9740-22B3F21F9F0E}
		{0C327254-D957-4CD7-BDBA-291E9C36B4A1} = {4F3669A1-8F96-4C63-B845-BCCA6CFFB037}
		{B8794B8F-B8DB-4741-9E41-B1D6F31ACA11} = {20E525A2-C632-4726-875D-FECEA8D5D78D}
		{179B2C7A-1942-4F6D-BA3A-141F8EAF9BB6} = {6F20CF0C-21DB-4121-9A4A-8CDE4544B20F}
		{3BF53236-60FE-4037-8128-8ADF6C74036F} = {20E525A2-C632-4726-875D-FECEA8D5D78D}
	EndGlobalSection
	GlobalSection(ExtensibilityGlobals) = postSolution
		SolutionGuid = {F51B9D33-50D6-4A68-B35D-87A575908956}
	EndGlobalSection
EndGlobal
